
Microsoft Visual Studio Solution File, Format Version 12.00
# Visual Studio 14
VisualStudioVersion = 14.0.25420.1
MinimumVisualStudioVersion = 10.0.40219.1
Project("{FAE04EC0-301F-11D3-BF4B-00C04F79EFBC}") = "ArquivosVinculados", "ArquivosVinculados\ArquivosVinculados\ArquivosVinculados.csproj", "{6624676B-54EF-472A-81DB-6C519FE7FA49}"
EndProject
Project("{FAE04EC0-301F-11D3-BF4B-00C04F79EFBC}") = "ArquivosVinculados.Droid", "ArquivosVinculados\ArquivosVinculados.Droid\ArquivosVinculados.Droid.csproj", "{B19A1A47-F0A3-4149-989D-E419629A6189}"
EndProject
Project("{FAE04EC0-301F-11D3-BF4B-00C04F79EFBC}") = "ArquivosVinculados.iOS", "ArquivosVinculados\ArquivosVinculados.iOS\ArquivosVinculados.iOS.csproj", "{F85D1997-3F36-431B-8AF0-BFDE8E9DC57D}"
EndProject
Project("{FAE04EC0-301F-11D3-BF4B-00C04F79EFBC}") = "ArquivosVinculados.WinPhone", "ArquivosVinculados\ArquivosVinculados.WinPhone\ArquivosVinculados.WinPhone.csproj", "{AAADF3B2-7297-47FB-9B58-7F0C3E958241}"
EndProject
Project("{FAE04EC0-301F-11D3-BF4B-00C04F79EFBC}") = "ArquivosVinculados.UWP", "ArquivosVinculados\ArquivosVinculados.UWP\ArquivosVinculados.UWP.csproj", "{B3324EE3-1476-443C-B229-0A36BE9F553B}"
EndProject
Project("{FAE04EC0-301F-11D3-BF4B-00C04F79EFBC}") = "ArquivosVinculados.Windows", "ArquivosVinculados\ArquivosVinculados.Windows\ArquivosVinculados.Windows.csproj", "{01C271EF-BA2B-46B0-AC97-52146E13622F}"
EndProject
Global
	GlobalSection(SolutionConfigurationPlatforms) = preSolution
		Ad-Hoc|Any CPU = Ad-Hoc|Any CPU
		Ad-Hoc|ARM = Ad-Hoc|ARM
		Ad-Hoc|iPhone = Ad-Hoc|iPhone
		Ad-Hoc|iPhoneSimulator = Ad-Hoc|iPhoneSimulator
		Ad-Hoc|x64 = Ad-Hoc|x64
		Ad-Hoc|x86 = Ad-Hoc|x86
		AppStore|Any CPU = AppStore|Any CPU
		AppStore|ARM = AppStore|ARM
		AppStore|iPhone = AppStore|iPhone
		AppStore|iPhoneSimulator = AppStore|iPhoneSimulator
		AppStore|x64 = AppStore|x64
		AppStore|x86 = AppStore|x86
		Debug|Any CPU = Debug|Any CPU
		Debug|ARM = Debug|ARM
		Debug|iPhone = Debug|iPhone
		Debug|iPhoneSimulator = Debug|iPhoneSimulator
		Debug|x64 = Debug|x64
		Debug|x86 = Debug|x86
		Release|Any CPU = Release|Any CPU
		Release|ARM = Release|ARM
		Release|iPhone = Release|iPhone
		Release|iPhoneSimulator = Release|iPhoneSimulator
		Release|x64 = Release|x64
		Release|x86 = Release|x86
	EndGlobalSection
	GlobalSection(ProjectConfigurationPlatforms) = postSolution
		{6624676B-54EF-472A-81DB-6C519FE7FA49}.Ad-Hoc|Any CPU.ActiveCfg = Release|Any CPU
		{6624676B-54EF-472A-81DB-6C519FE7FA49}.Ad-Hoc|Any CPU.Build.0 = Release|Any CPU
		{6624676B-54EF-472A-81DB-6C519FE7FA49}.Ad-Hoc|ARM.ActiveCfg = Release|Any CPU
		{6624676B-54EF-472A-81DB-6C519FE7FA49}.Ad-Hoc|ARM.Build.0 = Release|Any CPU
		{6624676B-54EF-472A-81DB-6C519FE7FA49}.Ad-Hoc|iPhone.ActiveCfg = Release|Any CPU
		{6624676B-54EF-472A-81DB-6C519FE7FA49}.Ad-Hoc|iPhone.Build.0 = Release|Any CPU
		{6624676B-54EF-472A-81DB-6C519FE7FA49}.Ad-Hoc|iPhoneSimulator.ActiveCfg = Release|Any CPU
		{6624676B-54EF-472A-81DB-6C519FE7FA49}.Ad-Hoc|iPhoneSimulator.Build.0 = Release|Any CPU
		{6624676B-54EF-472A-81DB-6C519FE7FA49}.Ad-Hoc|x64.ActiveCfg = Release|Any CPU
		{6624676B-54EF-472A-81DB-6C519FE7FA49}.Ad-Hoc|x64.Build.0 = Release|Any CPU
		{6624676B-54EF-472A-81DB-6C519FE7FA49}.Ad-Hoc|x86.ActiveCfg = Release|Any CPU
		{6624676B-54EF-472A-81DB-6C519FE7FA49}.Ad-Hoc|x86.Build.0 = Release|Any CPU
		{6624676B-54EF-472A-81DB-6C519FE7FA49}.AppStore|Any CPU.ActiveCfg = Release|Any CPU
		{6624676B-54EF-472A-81DB-6C519FE7FA49}.AppStore|Any CPU.Build.0 = Release|Any CPU
		{6624676B-54EF-472A-81DB-6C519FE7FA49}.AppStore|ARM.ActiveCfg = Release|Any CPU
		{6624676B-54EF-472A-81DB-6C519FE7FA49}.AppStore|ARM.Build.0 = Release|Any CPU
		{6624676B-54EF-472A-81DB-6C519FE7FA49}.AppStore|iPhone.ActiveCfg = Release|Any CPU
		{6624676B-54EF-472A-81DB-6C519FE7FA49}.AppStore|iPhone.Build.0 = Release|Any CPU
		{6624676B-54EF-472A-81DB-6C519FE7FA49}.AppStore|iPhoneSimulator.ActiveCfg = Release|Any CPU
		{6624676B-54EF-472A-81DB-6C519FE7FA49}.AppStore|iPhoneSimulator.Build.0 = Release|Any CPU
		{6624676B-54EF-472A-81DB-6C519FE7FA49}.AppStore|x64.ActiveCfg = Release|Any CPU
		{6624676B-54EF-472A-81DB-6C519FE7FA49}.AppStore|x64.Build.0 = Release|Any CPU
		{6624676B-54EF-472A-81DB-6C519FE7FA49}.AppStore|x86.ActiveCfg = Release|Any CPU
		{6624676B-54EF-472A-81DB-6C519FE7FA49}.AppStore|x86.Build.0 = Release|Any CPU
		{6624676B-54EF-472A-81DB-6C519FE7FA49}.Debug|Any CPU.ActiveCfg = Debug|Any CPU
		{6624676B-54EF-472A-81DB-6C519FE7FA49}.Debug|Any CPU.Build.0 = Debug|Any CPU
		{6624676B-54EF-472A-81DB-6C519FE7FA49}.Debug|ARM.ActiveCfg = Debug|Any CPU
		{6624676B-54EF-472A-81DB-6C519FE7FA49}.Debug|ARM.Build.0 = Debug|Any CPU
		{6624676B-54EF-472A-81DB-6C519FE7FA49}.Debug|iPhone.ActiveCfg = Debug|Any CPU
		{6624676B-54EF-472A-81DB-6C519FE7FA49}.Debug|iPhone.Build.0 = Debug|Any CPU
		{6624676B-54EF-472A-81DB-6C519FE7FA49}.Debug|iPhoneSimulator.ActiveCfg = Debug|Any CPU
		{6624676B-54EF-472A-81DB-6C519FE7FA49}.Debug|iPhoneSimulator.Build.0 = Debug|Any CPU
		{6624676B-54EF-472A-81DB-6C519FE7FA49}.Debug|x64.ActiveCfg = Debug|Any CPU
		{6624676B-54EF-472A-81DB-6C519FE7FA49}.Debug|x64.Build.0 = Debug|Any CPU
		{6624676B-54EF-472A-81DB-6C519FE7FA49}.Debug|x86.ActiveCfg = Debug|Any CPU
		{6624676B-54EF-472A-81DB-6C519FE7FA49}.Debug|x86.Build.0 = Debug|Any CPU
		{6624676B-54EF-472A-81DB-6C519FE7FA49}.Release|Any CPU.ActiveCfg = Release|Any CPU
		{6624676B-54EF-472A-81DB-6C519FE7FA49}.Release|Any CPU.Build.0 = Release|Any CPU
		{6624676B-54EF-472A-81DB-6C519FE7FA49}.Release|ARM.ActiveCfg = Release|Any CPU
		{6624676B-54EF-472A-81DB-6C519FE7FA49}.Release|ARM.Build.0 = Release|Any CPU
		{6624676B-54EF-472A-81DB-6C519FE7FA49}.Release|iPhone.ActiveCfg = Release|Any CPU
		{6624676B-54EF-472A-81DB-6C519FE7FA49}.Release|iPhone.Build.0 = Release|Any CPU
		{6624676B-54EF-472A-81DB-6C519FE7FA49}.Release|iPhoneSimulator.ActiveCfg = Release|Any CPU
		{6624676B-54EF-472A-81DB-6C519FE7FA49}.Release|iPhoneSimulator.Build.0 = Release|Any CPU
		{6624676B-54EF-472A-81DB-6C519FE7FA49}.Release|x64.ActiveCfg = Release|Any CPU
		{6624676B-54EF-472A-81DB-6C519FE7FA49}.Release|x64.Build.0 = Release|Any CPU
		{6624676B-54EF-472A-81DB-6C519FE7FA49}.Release|x86.ActiveCfg = Release|Any CPU
		{6624676B-54EF-472A-81DB-6C519FE7FA49}.Release|x86.Build.0 = Release|Any CPU
		{B19A1A47-F0A3-4149-989D-E419629A6189}.Ad-Hoc|Any CPU.ActiveCfg = Release|Any CPU
		{B19A1A47-F0A3-4149-989D-E419629A6189}.Ad-Hoc|Any CPU.Build.0 = Release|Any CPU
		{B19A1A47-F0A3-4149-989D-E419629A6189}.Ad-Hoc|Any CPU.Deploy.0 = Release|Any CPU
		{B19A1A47-F0A3-4149-989D-E419629A6189}.Ad-Hoc|ARM.ActiveCfg = Release|Any CPU
		{B19A1A47-F0A3-4149-989D-E419629A6189}.Ad-Hoc|ARM.Build.0 = Release|Any CPU
		{B19A1A47-F0A3-4149-989D-E419629A6189}.Ad-Hoc|ARM.Deploy.0 = Release|Any CPU
		{B19A1A47-F0A3-4149-989D-E419629A6189}.Ad-Hoc|iPhone.ActiveCfg = Release|Any CPU
		{B19A1A47-F0A3-4149-989D-E419629A6189}.Ad-Hoc|iPhone.Build.0 = Release|Any CPU
		{B19A1A47-F0A3-4149-989D-E419629A6189}.Ad-Hoc|iPhone.Deploy.0 = Release|Any CPU
		{B19A1A47-F0A3-4149-989D-E419629A6189}.Ad-Hoc|iPhoneSimulator.ActiveCfg = Release|Any CPU
		{B19A1A47-F0A3-4149-989D-E419629A6189}.Ad-Hoc|iPhoneSimulator.Build.0 = Release|Any CPU
		{B19A1A47-F0A3-4149-989D-E419629A6189}.Ad-Hoc|iPhoneSimulator.Deploy.0 = Release|Any CPU
		{B19A1A47-F0A3-4149-989D-E419629A6189}.Ad-Hoc|x64.ActiveCfg = Release|Any CPU
		{B19A1A47-F0A3-4149-989D-E419629A6189}.Ad-Hoc|x64.Build.0 = Release|Any CPU
		{B19A1A47-F0A3-4149-989D-E419629A6189}.Ad-Hoc|x64.Deploy.0 = Release|Any CPU
		{B19A1A47-F0A3-4149-989D-E419629A6189}.Ad-Hoc|x86.ActiveCfg = Release|Any CPU
		{B19A1A47-F0A3-4149-989D-E419629A6189}.Ad-Hoc|x86.Build.0 = Release|Any CPU
		{B19A1A47-F0A3-4149-989D-E419629A6189}.Ad-Hoc|x86.Deploy.0 = Release|Any CPU
		{B19A1A47-F0A3-4149-989D-E419629A6189}.AppStore|Any CPU.ActiveCfg = Release|Any CPU
		{B19A1A47-F0A3-4149-989D-E419629A6189}.AppStore|Any CPU.Build.0 = Release|Any CPU
		{B19A1A47-F0A3-4149-989D-E419629A6189}.AppStore|Any CPU.Deploy.0 = Release|Any CPU
		{B19A1A47-F0A3-4149-989D-E419629A6189}.AppStore|ARM.ActiveCfg = Release|Any CPU
		{B19A1A47-F0A3-4149-989D-E419629A6189}.AppStore|ARM.Build.0 = Release|Any CPU
		{B19A1A47-F0A3-4149-989D-E419629A6189}.AppStore|ARM.Deploy.0 = Release|Any CPU
		{B19A1A47-F0A3-4149-989D-E419629A6189}.AppStore|iPhone.ActiveCfg = Release|Any CPU
		{B19A1A47-F0A3-4149-989D-E419629A6189}.AppStore|iPhone.Build.0 = Release|Any CPU
		{B19A1A47-F0A3-4149-989D-E419629A6189}.AppStore|iPhone.Deploy.0 = Release|Any CPU
		{B19A1A47-F0A3-4149-989D-E419629A6189}.AppStore|iPhoneSimulator.ActiveCfg = Release|Any CPU
		{B19A1A47-F0A3-4149-989D-E419629A6189}.AppStore|iPhoneSimulator.Build.0 = Release|Any CPU
		{B19A1A47-F0A3-4149-989D-E419629A6189}.AppStore|iPhoneSimulator.Deploy.0 = Release|Any CPU
		{B19A1A47-F0A3-4149-989D-E419629A6189}.AppStore|x64.ActiveCfg = Release|Any CPU
		{B19A1A47-F0A3-4149-989D-E419629A6189}.AppStore|x64.Build.0 = Release|Any CPU
		{B19A1A47-F0A3-4149-989D-E419629A6189}.AppStore|x64.Deploy.0 = Release|Any CPU
		{B19A1A47-F0A3-4149-989D-E419629A6189}.AppStore|x86.ActiveCfg = Release|Any CPU
		{B19A1A47-F0A3-4149-989D-E419629A6189}.AppStore|x86.Build.0 = Release|Any CPU
		{B19A1A47-F0A3-4149-989D-E419629A6189}.AppStore|x86.Deploy.0 = Release|Any CPU
		{B19A1A47-F0A3-4149-989D-E419629A6189}.Debug|Any CPU.ActiveCfg = Debug|Any CPU
		{B19A1A47-F0A3-4149-989D-E419629A6189}.Debug|Any CPU.Build.0 = Debug|Any CPU
		{B19A1A47-F0A3-4149-989D-E419629A6189}.Debug|Any CPU.Deploy.0 = Debug|Any CPU
		{B19A1A47-F0A3-4149-989D-E419629A6189}.Debug|ARM.ActiveCfg = Debug|Any CPU
		{B19A1A47-F0A3-4149-989D-E419629A6189}.Debug|ARM.Build.0 = Debug|Any CPU
		{B19A1A47-F0A3-4149-989D-E419629A6189}.Debug|ARM.Deploy.0 = Debug|Any CPU
		{B19A1A47-F0A3-4149-989D-E419629A6189}.Debug|iPhone.ActiveCfg = Debug|Any CPU
		{B19A1A47-F0A3-4149-989D-E419629A6189}.Debug|iPhone.Build.0 = Debug|Any CPU
		{B19A1A47-F0A3-4149-989D-E419629A6189}.Debug|iPhone.Deploy.0 = Debug|Any CPU
		{B19A1A47-F0A3-4149-989D-E419629A6189}.Debug|iPhoneSimulator.ActiveCfg = Debug|Any CPU
		{B19A1A47-F0A3-4149-989D-E419629A6189}.Debug|iPhoneSimulator.Build.0 = Debug|Any CPU
		{B19A1A47-F0A3-4149-989D-E419629A6189}.Debug|iPhoneSimulator.Deploy.0 = Debug|Any CPU
		{B19A1A47-F0A3-4149-989D-E419629A6189}.Debug|x64.ActiveCfg = Debug|Any CPU
		{B19A1A47-F0A3-4149-989D-E419629A6189}.Debug|x64.Build.0 = Debug|Any CPU
		{B19A1A47-F0A3-4149-989D-E419629A6189}.Debug|x64.Deploy.0 = Debug|Any CPU
		{B19A1A47-F0A3-4149-989D-E419629A6189}.Debug|x86.ActiveCfg = Debug|Any CPU
		{B19A1A47-F0A3-4149-989D-E419629A6189}.Debug|x86.Build.0 = Debug|Any CPU
		{B19A1A47-F0A3-4149-989D-E419629A6189}.Debug|x86.Deploy.0 = Debug|Any CPU
		{B19A1A47-F0A3-4149-989D-E419629A6189}.Release|Any CPU.ActiveCfg = Release|Any CPU
		{B19A1A47-F0A3-4149-989D-E419629A6189}.Release|Any CPU.Build.0 = Release|Any CPU
		{B19A1A47-F0A3-4149-989D-E419629A6189}.Release|Any CPU.Deploy.0 = Release|Any CPU
		{B19A1A47-F0A3-4149-989D-E419629A6189}.Release|ARM.ActiveCfg = Release|Any CPU
		{B19A1A47-F0A3-4149-989D-E419629A6189}.Release|ARM.Build.0 = Release|Any CPU
		{B19A1A47-F0A3-4149-989D-E419629A6189}.Release|ARM.Deploy.0 = Release|Any CPU
		{B19A1A47-F0A3-4149-989D-E419629A6189}.Release|iPhone.ActiveCfg = Release|Any CPU
		{B19A1A47-F0A3-4149-989D-E419629A6189}.Release|iPhone.Build.0 = Release|Any CPU
		{B19A1A47-F0A3-4149-989D-E419629A6189}.Release|iPhone.Deploy.0 = Release|Any CPU
		{B19A1A47-F0A3-4149-989D-E419629A6189}.Release|iPhoneSimulator.ActiveCfg = Release|Any CPU
		{B19A1A47-F0A3-4149-989D-E419629A6189}.Release|iPhoneSimulator.Build.0 = Release|Any CPU
		{B19A1A47-F0A3-4149-989D-E419629A6189}.Release|iPhoneSimulator.Deploy.0 = Release|Any CPU
		{B19A1A47-F0A3-4149-989D-E419629A6189}.Release|x64.ActiveCfg = Release|Any CPU
		{B19A1A47-F0A3-4149-989D-E419629A6189}.Release|x64.Build.0 = Release|Any CPU
		{B19A1A47-F0A3-4149-989D-E419629A6189}.Release|x64.Deploy.0 = Release|Any CPU
		{B19A1A47-F0A3-4149-989D-E419629A6189}.Release|x86.ActiveCfg = Release|Any CPU
		{B19A1A47-F0A3-4149-989D-E419629A6189}.Release|x86.Build.0 = Release|Any CPU
		{B19A1A47-F0A3-4149-989D-E419629A6189}.Release|x86.Deploy.0 = Release|Any CPU
		{F85D1997-3F36-431B-8AF0-BFDE8E9DC57D}.Ad-Hoc|Any CPU.ActiveCfg = Ad-Hoc|iPhone
		{F85D1997-3F36-431B-8AF0-BFDE8E9DC57D}.Ad-Hoc|ARM.ActiveCfg = Ad-Hoc|iPhone
		{F85D1997-3F36-431B-8AF0-BFDE8E9DC57D}.Ad-Hoc|iPhone.ActiveCfg = Ad-Hoc|iPhone
		{F85D1997-3F36-431B-8AF0-BFDE8E9DC57D}.Ad-Hoc|iPhone.Build.0 = Ad-Hoc|iPhone
		{F85D1997-3F36-431B-8AF0-BFDE8E9DC57D}.Ad-Hoc|iPhoneSimulator.ActiveCfg = Ad-Hoc|iPhoneSimulator
		{F85D1997-3F36-431B-8AF0-BFDE8E9DC57D}.Ad-Hoc|iPhoneSimulator.Build.0 = Ad-Hoc|iPhoneSimulator
		{F85D1997-3F36-431B-8AF0-BFDE8E9DC57D}.Ad-Hoc|x64.ActiveCfg = Ad-Hoc|iPhone
		{F85D1997-3F36-431B-8AF0-BFDE8E9DC57D}.Ad-Hoc|x86.ActiveCfg = Ad-Hoc|iPhone
		{F85D1997-3F36-431B-8AF0-BFDE8E9DC57D}.AppStore|Any CPU.ActiveCfg = AppStore|iPhone
		{F85D1997-3F36-431B-8AF0-BFDE8E9DC57D}.AppStore|ARM.ActiveCfg = AppStore|iPhone
		{F85D1997-3F36-431B-8AF0-BFDE8E9DC57D}.AppStore|iPhone.ActiveCfg = AppStore|iPhone
		{F85D1997-3F36-431B-8AF0-BFDE8E9DC57D}.AppStore|iPhone.Build.0 = AppStore|iPhone
		{F85D1997-3F36-431B-8AF0-BFDE8E9DC57D}.AppStore|iPhoneSimulator.ActiveCfg = AppStore|iPhoneSimulator
		{F85D1997-3F36-431B-8AF0-BFDE8E9DC57D}.AppStore|iPhoneSimulator.Build.0 = AppStore|iPhoneSimulator
		{F85D1997-3F36-431B-8AF0-BFDE8E9DC57D}.AppStore|x64.ActiveCfg = AppStore|iPhone
		{F85D1997-3F36-431B-8AF0-BFDE8E9DC57D}.AppStore|x86.ActiveCfg = AppStore|iPhone
		{F85D1997-3F36-431B-8AF0-BFDE8E9DC57D}.Debug|Any CPU.ActiveCfg = Debug|iPhone
		{F85D1997-3F36-431B-8AF0-BFDE8E9DC57D}.Debug|Any CPU.Build.0 = Debug|iPhone
		{F85D1997-3F36-431B-8AF0-BFDE8E9DC57D}.Debug|ARM.ActiveCfg = Debug|iPhone
		{F85D1997-3F36-431B-8AF0-BFDE8E9DC57D}.Debug|iPhone.ActiveCfg = Debug|iPhone
		{F85D1997-3F36-431B-8AF0-BFDE8E9DC57D}.Debug|iPhone.Build.0 = Debug|iPhone
		{F85D1997-3F36-431B-8AF0-BFDE8E9DC57D}.Debug|iPhoneSimulator.ActiveCfg = Debug|iPhoneSimulator
		{F85D1997-3F36-431B-8AF0-BFDE8E9DC57D}.Debug|iPhoneSimulator.Build.0 = Debug|iPhoneSimulator
		{F85D1997-3F36-431B-8AF0-BFDE8E9DC57D}.Debug|x64.ActiveCfg = Debug|iPhone
		{F85D1997-3F36-431B-8AF0-BFDE8E9DC57D}.Debug|x86.ActiveCfg = Debug|iPhone
		{F85D1997-3F36-431B-8AF0-BFDE8E9DC57D}.Release|Any CPU.ActiveCfg = Release|iPhone
		{F85D1997-3F36-431B-8AF0-BFDE8E9DC57D}.Release|ARM.ActiveCfg = Release|iPhone
		{F85D1997-3F36-431B-8AF0-BFDE8E9DC57D}.Release|iPhone.ActiveCfg = Release|iPhone
		{F85D1997-3F36-431B-8AF0-BFDE8E9DC57D}.Release|iPhone.Build.0 = Release|iPhone
		{F85D1997-3F36-431B-8AF0-BFDE8E9DC57D}.Release|iPhoneSimulator.ActiveCfg = Release|iPhoneSimulator
		{F85D1997-3F36-431B-8AF0-BFDE8E9DC57D}.Release|iPhoneSimulator.Build.0 = Release|iPhoneSimulator
		{F85D1997-3F36-431B-8AF0-BFDE8E9DC57D}.Release|x64.ActiveCfg = Release|iPhone
		{F85D1997-3F36-431B-8AF0-BFDE8E9DC57D}.Release|x86.ActiveCfg = Release|iPhone
		{AAADF3B2-7297-47FB-9B58-7F0C3E958241}.Ad-Hoc|Any CPU.ActiveCfg = Release|Any CPU
		{AAADF3B2-7297-47FB-9B58-7F0C3E958241}.Ad-Hoc|Any CPU.Build.0 = Release|Any CPU
		{AAADF3B2-7297-47FB-9B58-7F0C3E958241}.Ad-Hoc|Any CPU.Deploy.0 = Release|Any CPU
		{AAADF3B2-7297-47FB-9B58-7F0C3E958241}.Ad-Hoc|ARM.ActiveCfg = Release|ARM
		{AAADF3B2-7297-47FB-9B58-7F0C3E958241}.Ad-Hoc|ARM.Build.0 = Release|ARM
		{AAADF3B2-7297-47FB-9B58-7F0C3E958241}.Ad-Hoc|ARM.Deploy.0 = Release|ARM
		{AAADF3B2-7297-47FB-9B58-7F0C3E958241}.Ad-Hoc|iPhone.ActiveCfg = Release|Any CPU
		{AAADF3B2-7297-47FB-9B58-7F0C3E958241}.Ad-Hoc|iPhone.Build.0 = Release|Any CPU
		{AAADF3B2-7297-47FB-9B58-7F0C3E958241}.Ad-Hoc|iPhone.Deploy.0 = Release|Any CPU
		{AAADF3B2-7297-47FB-9B58-7F0C3E958241}.Ad-Hoc|iPhoneSimulator.ActiveCfg = Release|Any CPU
		{AAADF3B2-7297-47FB-9B58-7F0C3E958241}.Ad-Hoc|iPhoneSimulator.Build.0 = Release|Any CPU
		{AAADF3B2-7297-47FB-9B58-7F0C3E958241}.Ad-Hoc|iPhoneSimulator.Deploy.0 = Release|Any CPU
		{AAADF3B2-7297-47FB-9B58-7F0C3E958241}.Ad-Hoc|x64.ActiveCfg = Release|Any CPU
		{AAADF3B2-7297-47FB-9B58-7F0C3E958241}.Ad-Hoc|x64.Build.0 = Release|Any CPU
		{AAADF3B2-7297-47FB-9B58-7F0C3E958241}.Ad-Hoc|x64.Deploy.0 = Release|Any CPU
		{AAADF3B2-7297-47FB-9B58-7F0C3E958241}.Ad-Hoc|x86.ActiveCfg = Release|x86
		{AAADF3B2-7297-47FB-9B58-7F0C3E958241}.Ad-Hoc|x86.Build.0 = Release|x86
		{AAADF3B2-7297-47FB-9B58-7F0C3E958241}.Ad-Hoc|x86.Deploy.0 = Release|x86
		{AAADF3B2-7297-47FB-9B58-7F0C3E958241}.AppStore|Any CPU.ActiveCfg = Release|Any CPU
		{AAADF3B2-7297-47FB-9B58-7F0C3E958241}.AppStore|Any CPU.Build.0 = Release|Any CPU
		{AAADF3B2-7297-47FB-9B58-7F0C3E958241}.AppStore|Any CPU.Deploy.0 = Release|Any CPU
		{AAADF3B2-7297-47FB-9B58-7F0C3E958241}.AppStore|ARM.ActiveCfg = Release|ARM
		{AAADF3B2-7297-47FB-9B58-7F0C3E958241}.AppStore|ARM.Build.0 = Release|ARM
		{AAADF3B2-7297-47FB-9B58-7F0C3E958241}.AppStore|ARM.Deploy.0 = Release|ARM
		{AAADF3B2-7297-47FB-9B58-7F0C3E958241}.AppStore|iPhone.ActiveCfg = Release|Any CPU
		{AAADF3B2-7297-47FB-9B58-7F0C3E958241}.AppStore|iPhone.Build.0 = Release|Any CPU
		{AAADF3B2-7297-47FB-9B58-7F0C3E958241}.AppStore|iPhone.Deploy.0 = Release|Any CPU
		{AAADF3B2-7297-47FB-9B58-7F0C3E958241}.AppStore|iPhoneSimulator.ActiveCfg = Release|Any CPU
		{AAADF3B2-7297-47FB-9B58-7F0C3E958241}.AppStore|iPhoneSimulator.Build.0 = Release|Any CPU
		{AAADF3B2-7297-47FB-9B58-7F0C3E958241}.AppStore|iPhoneSimulator.Deploy.0 = Release|Any CPU
		{AAADF3B2-7297-47FB-9B58-7F0C3E958241}.AppStore|x64.ActiveCfg = Release|Any CPU
		{AAADF3B2-7297-47FB-9B58-7F0C3E958241}.AppStore|x64.Build.0 = Release|Any CPU
		{AAADF3B2-7297-47FB-9B58-7F0C3E958241}.AppStore|x64.Deploy.0 = Release|Any CPU
		{AAADF3B2-7297-47FB-9B58-7F0C3E958241}.AppStore|x86.ActiveCfg = Release|x86
		{AAADF3B2-7297-47FB-9B58-7F0C3E958241}.AppStore|x86.Build.0 = Release|x86
		{AAADF3B2-7297-47FB-9B58-7F0C3E958241}.AppStore|x86.Deploy.0 = Release|x86
		{AAADF3B2-7297-47FB-9B58-7F0C3E958241}.Debug|Any CPU.ActiveCfg = Debug|Any CPU
		{AAADF3B2-7297-47FB-9B58-7F0C3E958241}.Debug|Any CPU.Build.0 = Debug|Any CPU
		{AAADF3B2-7297-47FB-9B58-7F0C3E958241}.Debug|Any CPU.Deploy.0 = Debug|Any CPU
		{AAADF3B2-7297-47FB-9B58-7F0C3E958241}.Debug|ARM.ActiveCfg = Debug|ARM
		{AAADF3B2-7297-47FB-9B58-7F0C3E958241}.Debug|ARM.Build.0 = Debug|ARM
		{AAADF3B2-7297-47FB-9B58-7F0C3E958241}.Debug|ARM.Deploy.0 = Debug|ARM
		{AAADF3B2-7297-47FB-9B58-7F0C3E958241}.Debug|iPhone.ActiveCfg = Debug|Any CPU
		{AAADF3B2-7297-47FB-9B58-7F0C3E958241}.Debug|iPhone.Build.0 = Debug|Any CPU
		{AAADF3B2-7297-47FB-9B58-7F0C3E958241}.Debug|iPhone.Deploy.0 = Debug|Any CPU
		{AAADF3B2-7297-47FB-9B58-7F0C3E958241}.Debug|iPhoneSimulator.ActiveCfg = Debug|Any CPU
		{AAADF3B2-7297-47FB-9B58-7F0C3E958241}.Debug|iPhoneSimulator.Build.0 = Debug|Any CPU
		{AAADF3B2-7297-47FB-9B58-7F0C3E958241}.Debug|iPhoneSimulator.Deploy.0 = Debug|Any CPU
		{AAADF3B2-7297-47FB-9B58-7F0C3E958241}.Debug|x64.ActiveCfg = Debug|Any CPU
		{AAADF3B2-7297-47FB-9B58-7F0C3E958241}.Debug|x64.Build.0 = Debug|Any CPU
		{AAADF3B2-7297-47FB-9B58-7F0C3E958241}.Debug|x64.Deploy.0 = Debug|Any CPU
		{AAADF3B2-7297-47FB-9B58-7F0C3E958241}.Debug|x86.ActiveCfg = Debug|x86
		{AAADF3B2-7297-47FB-9B58-7F0C3E958241}.Debug|x86.Build.0 = Debug|x86
		{AAADF3B2-7297-47FB-9B58-7F0C3E958241}.Debug|x86.Deploy.0 = Debug|x86
		{AAADF3B2-7297-47FB-9B58-7F0C3E958241}.Release|Any CPU.ActiveCfg = Release|Any CPU
		{AAADF3B2-7297-47FB-9B58-7F0C3E958241}.Release|Any CPU.Build.0 = Release|Any CPU
		{AAADF3B2-7297-47FB-9B58-7F0C3E958241}.Release|Any CPU.Deploy.0 = Release|Any CPU
		{AAADF3B2-7297-47FB-9B58-7F0C3E958241}.Release|ARM.ActiveCfg = Release|ARM
		{AAADF3B2-7297-47FB-9B58-7F0C3E958241}.Release|ARM.Build.0 = Release|ARM
		{AAADF3B2-7297-47FB-9B58-7F0C3E958241}.Release|ARM.Deploy.0 = Release|ARM
		{AAADF3B2-7297-47FB-9B58-7F0C3E958241}.Release|iPhone.ActiveCfg = Release|Any CPU
		{AAADF3B2-7297-47FB-9B58-7F0C3E958241}.Release|iPhone.Build.0 = Release|Any CPU
		{AAADF3B2-7297-47FB-9B58-7F0C3E958241}.Release|iPhone.Deploy.0 = Release|Any CPU
		{AAADF3B2-7297-47FB-9B58-7F0C3E958241}.Release|iPhoneSimulator.ActiveCfg = Release|Any CPU
		{AAADF3B2-7297-47FB-9B58-7F0C3E958241}.Release|iPhoneSimulator.Build.0 = Release|Any CPU
		{AAADF3B2-7297-47FB-9B58-7F0C3E958241}.Release|iPhoneSimulator.Deploy.0 = Release|Any CPU
		{AAADF3B2-7297-47FB-9B58-7F0C3E958241}.Release|x64.ActiveCfg = Release|Any CPU
		{AAADF3B2-7297-47FB-9B58-7F0C3E958241}.Release|x64.Build.0 = Release|Any CPU
		{AAADF3B2-7297-47FB-9B58-7F0C3E958241}.Release|x64.Deploy.0 = Release|Any CPU
		{AAADF3B2-7297-47FB-9B58-7F0C3E958241}.Release|x86.ActiveCfg = Release|x86
		{AAADF3B2-7297-47FB-9B58-7F0C3E958241}.Release|x86.Build.0 = Release|x86
		{AAADF3B2-7297-47FB-9B58-7F0C3E958241}.Release|x86.Deploy.0 = Release|x86
		{B3324EE3-1476-443C-B229-0A36BE9F553B}.Ad-Hoc|Any CPU.ActiveCfg = Release|x86
		{B3324EE3-1476-443C-B229-0A36BE9F553B}.Ad-Hoc|Any CPU.Build.0 = Release|x86
		{B3324EE3-1476-443C-B229-0A36BE9F553B}.Ad-Hoc|Any CPU.Deploy.0 = Release|x86
		{B3324EE3-1476-443C-B229-0A36BE9F553B}.Ad-Hoc|ARM.ActiveCfg = Release|ARM
		{B3324EE3-1476-443C-B229-0A36BE9F553B}.Ad-Hoc|ARM.Build.0 = Release|ARM
		{B3324EE3-1476-443C-B229-0A36BE9F553B}.Ad-Hoc|ARM.Deploy.0 = Release|ARM
		{B3324EE3-1476-443C-B229-0A36BE9F553B}.Ad-Hoc|iPhone.ActiveCfg = Release|x86
		{B3324EE3-1476-443C-B229-0A36BE9F553B}.Ad-Hoc|iPhone.Build.0 = Release|x86
		{B3324EE3-1476-443C-B229-0A36BE9F553B}.Ad-Hoc|iPhone.Deploy.0 = Release|x86
		{B3324EE3-1476-443C-B229-0A36BE9F553B}.Ad-Hoc|iPhoneSimulator.ActiveCfg = Release|x86
		{B3324EE3-1476-443C-B229-0A36BE9F553B}.Ad-Hoc|iPhoneSimulator.Build.0 = Release|x86
		{B3324EE3-1476-443C-B229-0A36BE9F553B}.Ad-Hoc|iPhoneSimulator.Deploy.0 = Release|x86
		{B3324EE3-1476-443C-B229-0A36BE9F553B}.Ad-Hoc|x64.ActiveCfg = Release|x64
		{B3324EE3-1476-443C-B229-0A36BE9F553B}.Ad-Hoc|x64.Build.0 = Release|x64
		{B3324EE3-1476-443C-B229-0A36BE9F553B}.Ad-Hoc|x64.Deploy.0 = Release|x64
		{B3324EE3-1476-443C-B229-0A36BE9F553B}.Ad-Hoc|x86.ActiveCfg = Release|x86
		{B3324EE3-1476-443C-B229-0A36BE9F553B}.Ad-Hoc|x86.Build.0 = Release|x86
		{B3324EE3-1476-443C-B229-0A36BE9F553B}.Ad-Hoc|x86.Deploy.0 = Release|x86
		{B3324EE3-1476-443C-B229-0A36BE9F553B}.AppStore|Any CPU.ActiveCfg = Release|x86
		{B3324EE3-1476-443C-B229-0A36BE9F553B}.AppStore|Any CPU.Build.0 = Release|x86
		{B3324EE3-1476-443C-B229-0A36BE9F553B}.AppStore|Any CPU.Deploy.0 = Release|x86
		{B3324EE3-1476-443C-B229-0A36BE9F553B}.AppStore|ARM.ActiveCfg = Release|ARM
		{B3324EE3-1476-443C-B229-0A36BE9F553B}.AppStore|ARM.Build.0 = Release|ARM
		{B3324EE3-1476-443C-B229-0A36BE9F553B}.AppStore|ARM.Deploy.0 = Release|ARM
		{B3324EE3-1476-443C-B229-0A36BE9F553B}.AppStore|iPhone.ActiveCfg = Release|x86
		{B3324EE3-1476-443C-B229-0A36BE9F553B}.AppStore|iPhone.Build.0 = Release|x86
		{B3324EE3-1476-443C-B229-0A36BE9F553B}.AppStore|iPhone.Deploy.0 = Release|x86
		{B3324EE3-1476-443C-B229-0A36BE9F553B}.AppStore|iPhoneSimulator.ActiveCfg = Release|x86
		{B3324EE3-1476-443C-B229-0A36BE9F553B}.AppStore|iPhoneSimulator.Build.0 = Release|x86
		{B3324EE3-1476-443C-B229-0A36BE9F553B}.AppStore|iPhoneSimulator.Deploy.0 = Release|x86
		{B3324EE3-1476-443C-B229-0A36BE9F553B}.AppStore|x64.ActiveCfg = Release|x64
		{B3324EE3-1476-443C-B229-0A36BE9F553B}.AppStore|x64.Build.0 = Release|x64
		{B3324EE3-1476-443C-B229-0A36BE9F553B}.AppStore|x64.Deploy.0 = Release|x64
		{B3324EE3-1476-443C-B229-0A36BE9F553B}.AppStore|x86.ActiveCfg = Release|x86
		{B3324EE3-1476-443C-B229-0A36BE9F553B}.AppStore|x86.Build.0 = Release|x86
		{B3324EE3-1476-443C-B229-0A36BE9F553B}.AppStore|x86.Deploy.0 = Release|x86
		{B3324EE3-1476-443C-B229-0A36BE9F553B}.Debug|Any CPU.ActiveCfg = Debug|x64
		{B3324EE3-1476-443C-B229-0A36BE9F553B}.Debug|Any CPU.Build.0 = Debug|x64
		{B3324EE3-1476-443C-B229-0A36BE9F553B}.Debug|Any CPU.Deploy.0 = Debug|x64
		{B3324EE3-1476-443C-B229-0A36BE9F553B}.Debug|ARM.ActiveCfg = Debug|ARM
		{B3324EE3-1476-443C-B229-0A36BE9F553B}.Debug|ARM.Build.0 = Debug|ARM
		{B3324EE3-1476-443C-B229-0A36BE9F553B}.Debug|ARM.Deploy.0 = Debug|ARM
		{B3324EE3-1476-443C-B229-0A36BE9F553B}.Debug|iPhone.ActiveCfg = Debug|x86
		{B3324EE3-1476-443C-B229-0A36BE9F553B}.Debug|iPhoneSimulator.ActiveCfg = Debug|x86
		{B3324EE3-1476-443C-B229-0A36BE9F553B}.Debug|x64.ActiveCfg = Debug|x64
		{B3324EE3-1476-443C-B229-0A36BE9F553B}.Debug|x64.Build.0 = Debug|x64
		{B3324EE3-1476-443C-B229-0A36BE9F553B}.Debug|x64.Deploy.0 = Debug|x64
		{B3324EE3-1476-443C-B229-0A36BE9F553B}.Debug|x86.ActiveCfg = Debug|x86
		{B3324EE3-1476-443C-B229-0A36BE9F553B}.Debug|x86.Build.0 = Debug|x86
		{B3324EE3-1476-443C-B229-0A36BE9F553B}.Debug|x86.Deploy.0 = Debug|x86
		{B3324EE3-1476-443C-B229-0A36BE9F553B}.Release|Any CPU.ActiveCfg = Release|x86
		{B3324EE3-1476-443C-B229-0A36BE9F553B}.Release|ARM.ActiveCfg = Release|ARM
		{B3324EE3-1476-443C-B229-0A36BE9F553B}.Release|ARM.Build.0 = Release|ARM
		{B3324EE3-1476-443C-B229-0A36BE9F553B}.Release|ARM.Deploy.0 = Release|ARM
		{B3324EE3-1476-443C-B229-0A36BE9F553B}.Release|iPhone.ActiveCfg = Release|x86
		{B3324EE3-1476-443C-B229-0A36BE9F553B}.Release|iPhoneSimulator.ActiveCfg = Release|x86
		{B3324EE3-1476-443C-B229-0A36BE9F553B}.Release|x64.ActiveCfg = Release|x64
		{B3324EE3-1476-443C-B229-0A36BE9F553B}.Release|x64.Build.0 = Release|x64
		{B3324EE3-1476-443C-B229-0A36BE9F553B}.Release|x64.Deploy.0 = Release|x64
		{B3324EE3-1476-443C-B229-0A36BE9F553B}.Release|x86.ActiveCfg = Release|x86
		{B3324EE3-1476-443C-B229-0A36BE9F553B}.Release|x86.Build.0 = Release|x86
		{B3324EE3-1476-443C-B229-0A36BE9F553B}.Release|x86.Deploy.0 = Release|x86
		{01C271EF-BA2B-46B0-AC97-52146E13622F}.Ad-Hoc|Any CPU.ActiveCfg = Release|Any CPU
		{01C271EF-BA2B-46B0-AC97-52146E13622F}.Ad-Hoc|Any CPU.Build.0 = Release|Any CPU
		{01C271EF-BA2B-46B0-AC97-52146E13622F}.Ad-Hoc|Any CPU.Deploy.0 = Release|Any CPU
		{01C271EF-BA2B-46B0-AC97-52146E13622F}.Ad-Hoc|ARM.ActiveCfg = Release|ARM
		{01C271EF-BA2B-46B0-AC97-52146E13622F}.Ad-Hoc|ARM.Build.0 = Release|ARM
		{01C271EF-BA2B-46B0-AC97-52146E13622F}.Ad-Hoc|ARM.Deploy.0 = Release|ARM
		{01C271EF-BA2B-46B0-AC97-52146E13622F}.Ad-Hoc|iPhone.ActiveCfg = Release|Any CPU
		{01C271EF-BA2B-46B0-AC97-52146E13622F}.Ad-Hoc|iPhone.Build.0 = Release|Any CPU
		{01C271EF-BA2B-46B0-AC97-52146E13622F}.Ad-Hoc|iPhone.Deploy.0 = Release|Any CPU
		{01C271EF-BA2B-46B0-AC97-52146E13622F}.Ad-Hoc|iPhoneSimulator.ActiveCfg = Release|Any CPU
		{01C271EF-BA2B-46B0-AC97-52146E13622F}.Ad-Hoc|iPhoneSimulator.Build.0 = Release|Any CPU
		{01C271EF-BA2B-46B0-AC97-52146E13622F}.Ad-Hoc|iPhoneSimulator.Deploy.0 = Release|Any CPU
		{01C271EF-BA2B-46B0-AC97-52146E13622F}.Ad-Hoc|x64.ActiveCfg = Release|x64
		{01C271EF-BA2B-46B0-AC97-52146E13622F}.Ad-Hoc|x64.Build.0 = Release|x64
		{01C271EF-BA2B-46B0-AC97-52146E13622F}.Ad-Hoc|x64.Deploy.0 = Release|x64
		{01C271EF-BA2B-46B0-AC97-52146E13622F}.Ad-Hoc|x86.ActiveCfg = Release|x86
		{01C271EF-BA2B-46B0-AC97-52146E13622F}.Ad-Hoc|x86.Build.0 = Release|x86
		{01C271EF-BA2B-46B0-AC97-52146E13622F}.Ad-Hoc|x86.Deploy.0 = Release|x86
		{01C271EF-BA2B-46B0-AC97-52146E13622F}.AppStore|Any CPU.ActiveCfg = Release|Any CPU
		{01C271EF-BA2B-46B0-AC97-52146E13622F}.AppStore|Any CPU.Build.0 = Release|Any CPU
		{01C271EF-BA2B-46B0-AC97-52146E13622F}.AppStore|Any CPU.Deploy.0 = Release|Any CPU
		{01C271EF-BA2B-46B0-AC97-52146E13622F}.AppStore|ARM.ActiveCfg = Release|ARM
		{01C271EF-BA2B-46B0-AC97-52146E13622F}.AppStore|ARM.Build.0 = Release|ARM
		{01C271EF-BA2B-46B0-AC97-52146E13622F}.AppStore|ARM.Deploy.0 = Release|ARM
		{01C271EF-BA2B-46B0-AC97-52146E13622F}.AppStore|iPhone.ActiveCfg = Release|Any CPU
		{01C271EF-BA2B-46B0-AC97-52146E13622F}.AppStore|iPhone.Build.0 = Release|Any CPU
		{01C271EF-BA2B-46B0-AC97-52146E13622F}.AppStore|iPhone.Deploy.0 = Release|Any CPU
		{01C271EF-BA2B-46B0-AC97-52146E13622F}.AppStore|iPhoneSimulator.ActiveCfg = Release|Any CPU
		{01C271EF-BA2B-46B0-AC97-52146E13622F}.AppStore|iPhoneSimulator.Build.0 = Release|Any CPU
		{01C271EF-BA2B-46B0-AC97-52146E13622F}.AppStore|iPhoneSimulator.Deploy.0 = Release|Any CPU
		{01C271EF-BA2B-46B0-AC97-52146E13622F}.AppStore|x64.ActiveCfg = Release|x64
		{01C271EF-BA2B-46B0-AC97-52146E13622F}.AppStore|x64.Build.0 = Release|x64
		{01C271EF-BA2B-46B0-AC97-52146E13622F}.AppStore|x64.Deploy.0 = Release|x64
		{01C271EF-BA2B-46B0-AC97-52146E13622F}.AppStore|x86.ActiveCfg = Release|x86
		{01C271EF-BA2B-46B0-AC97-52146E13622F}.AppStore|x86.Build.0 = Release|x86
		{01C271EF-BA2B-46B0-AC97-52146E13622F}.AppStore|x86.Deploy.0 = Release|x86
		{01C271EF-BA2B-46B0-AC97-52146E13622F}.Debug|Any CPU.ActiveCfg = Debug|Any CPU
		{01C271EF-BA2B-46B0-AC97-52146E13622F}.Debug|Any CPU.Build.0 = Debug|Any CPU
		{01C271EF-BA2B-46B0-AC97-52146E13622F}.Debug|Any CPU.Deploy.0 = Debug|Any CPU
		{01C271EF-BA2B-46B0-AC97-52146E13622F}.Debug|ARM.ActiveCfg = Debug|ARM
		{01C271EF-BA2B-46B0-AC97-52146E13622F}.Debug|ARM.Build.0 = Debug|ARM
		{01C271EF-BA2B-46B0-AC97-52146E13622F}.Debug|ARM.Deploy.0 = Debug|ARM
		{01C271EF-BA2B-46B0-AC97-52146E13622F}.Debug|iPhone.ActiveCfg = Debug|Any CPU
		{01C271EF-BA2B-46B0-AC97-52146E13622F}.Debug|iPhone.Build.0 = Debug|Any CPU
		{01C271EF-BA2B-46B0-AC97-52146E13622F}.Debug|iPhone.Deploy.0 = Debug|Any CPU
		{01C271EF-BA2B-46B0-AC97-52146E13622F}.Debug|iPhoneSimulator.ActiveCfg = Debug|Any CPU
		{01C271EF-BA2B-46B0-AC97-52146E13622F}.Debug|iPhoneSimulator.Build.0 = Debug|Any CPU
		{01C271EF-BA2B-46B0-AC97-52146E13622F}.Debug|iPhoneSimulator.Deploy.0 = Debug|Any CPU
		{01C271EF-BA2B-46B0-AC97-52146E13622F}.Debug|x64.ActiveCfg = Debug|x64
		{01C271EF-BA2B-46B0-AC97-52146E13622F}.Debug|x64.Build.0 = Debug|x64
		{01C271EF-BA2B-46B0-AC97-52146E13622F}.Debug|x64.Deploy.0 = Debug|x64
		{01C271EF-BA2B-46B0-AC97-52146E13622F}.Debug|x86.ActiveCfg = Debug|x86
		{01C271EF-BA2B-46B0-AC97-52146E13622F}.Debug|x86.Build.0 = Debug|x86
		{01C271EF-BA2B-46B0-AC97-52146E13622F}.Debug|x86.Deploy.0 = Debug|x86
		{01C271EF-BA2B-46B0-AC97-52146E13622F}.Release|Any CPU.ActiveCfg = Release|Any CPU
		{01C271EF-BA2B-46B0-AC97-52146E13622F}.Release|Any CPU.Build.0 = Release|Any CPU
		{01C271EF-BA2B-46B0-AC97-52146E13622F}.Release|Any CPU.Deploy.0 = Release|Any CPU
		{01C271EF-BA2B-46B0-AC97-52146E13622F}.Release|ARM.ActiveCfg = Release|ARM
		{01C271EF-BA2B-46B0-AC97-52146E13622F}.Release|ARM.Build.0 = Release|ARM
		{01C271EF-BA2B-46B0-AC97-52146E13622F}.Release|ARM.Deploy.0 = Release|ARM
		{01C271EF-BA2B-46B0-AC97-52146E13622F}.Release|iPhone.ActiveCfg = Release|Any CPU
		{01C271EF-BA2B-46B0-AC97-52146E13622F}.Release|iPhone.Build.0 = Release|Any CPU
		{01C271EF-BA2B-46B0-AC97-52146E13622F}.Release|iPhone.Deploy.0 = Release|Any CPU
		{01C271EF-BA2B-46B0-AC97-52146E13622F}.Release|iPhoneSimulator.ActiveCfg = Release|Any CPU
		{01C271EF-BA2B-46B0-AC97-52146E13622F}.Release|iPhoneSimulator.Build.0 = Release|Any CPU
		{01C271EF-BA2B-46B0-AC97-52146E13622F}.Release|iPhoneSimulator.Deploy.0 = Release|Any CPU
		{01C271EF-BA2B-46B0-AC97-52146E13622F}.Release|x64.ActiveCfg = Release|x64
		{01C271EF-BA2B-46B0-AC97-52146E13622F}.Release|x64.Build.0 = Release|x64
		{01C271EF-BA2B-46B0-AC97-52146E13622F}.Release|x64.Deploy.0 = Release|x64
		{01C271EF-BA2B-46B0-AC97-52146E13622F}.Release|x86.ActiveCfg = Release|x86
		{01C271EF-BA2B-46B0-AC97-52146E13622F}.Release|x86.Build.0 = Release|x86
		{01C271EF-BA2B-46B0-AC97-52146E13622F}.Release|x86.Deploy.0 = Release|x86
	EndGlobalSection
	GlobalSection(SolutionProperties) = preSolution
		HideSolutionNode = FALSE
	EndGlobalSection
EndGlobal
